# This file is autogenerated, do not edit; changes may be undone by the next 'dep ensure'.


[[projects]]
  branch = "go1"
  name = "github.com/rwcarlsen/goexif"
  packages = ["exif","mknote","tiff"]
  revision = "709fab3d192d7c62f86043caff1e7e3fb0f42bd8"

[solve-meta]
  analyzer-name = "dep"
  analyzer-version = 1
  inputs-digest = "a8c9afe09248580d12508104af90ff84d1e6522014e86660efa1128ed46b38ba"
  solver-name = "gps-cdcl"
  solver-version = 1
